schema: '2.0'
stages:
  preprocess:
    cmd: python src/preprocess.py
    deps:
    - path: data/raw/titanic.csv
      hash: md5
      md5: 2309cc5f04782ed9bb6016d9f4e381cf
      size: 61194
    - path: src/preprocess.py
      hash: md5
      md5: ebbd0f761a13ace40d5c0240a79d4265
      size: 7177
    params:
      params.yaml:
        data.processed_path: data/processed/features.csv
        data.raw_path: data/raw/titanic.csv
        features.use_columns:
        - Pclass
        - Sex
        - Age
        - SibSp
        - Fare
        - Embarked
    outs:
    - path: data/processed/features.csv
      hash: md5
      md5: ba75af36526f6c77e04b169068ccc12b
      size: 21490
  train:
    cmd: python src/train.py
    deps:
    - path: data/processed/features.csv
      hash: md5
      md5: ba75af36526f6c77e04b169068ccc12b
      size: 21490
    - path: src/train.py
      hash: md5
      md5: 1b2b5b7d74fba1503d641e2ae34fe59d
      size: 10006
    params:
      params.yaml:
        data.random_state: 50
        data.test_size: 0.28
        mlflow.experiment_name: titanic-survival
        model.criterion: gini
        model.max_depth: 6
        model.min_samples_leaf: 2
        model.min_samples_split: 8
        model.random_state: 42
    outs:
    - path: models/dt_model.pkl
      hash: md5
      md5: ed9277347bf0308dc7a7b8bdc5a86627
      size: 5497
    - path: models/run_id.txt
      hash: md5
      md5: c60dff2eeb1fea85a5e1057ce79c698c
      size: 32
  evaluate:
    cmd: python src/evaluate.py
    deps:
    - path: data/processed/features.csv
      hash: md5
      md5: ba75af36526f6c77e04b169068ccc12b
      size: 21490
    - path: models/dt_model.pkl
      hash: md5
      md5: ed9277347bf0308dc7a7b8bdc5a86627
      size: 5497
    - path: src/evaluate.py
      hash: md5
      md5: 2297c88aee7f3ec0b9b9e57fae7a7e2c
      size: 7537
    params:
      params.yaml:
        data.random_state: 50
        data.test_size: 0.28
        evaluation.min_accuracy: 0.7
    outs:
    - path: metrics.json
      hash: md5
      md5: 60c02407008e28d7c307854a2f97f16f
      size: 90
